
Microsoft Visual Studio Solution File, Format Version 12.00
# Visual Studio 14
VisualStudioVersion = 14.0.25420.1
MinimumVisualStudioVersion = 10.0.40219.1
Project("{FAE04EC0-301F-11D3-BF4B-00C04F79EFBC}") = "GetResultsCI", "GetResultsCI\GetResultsCI.csproj", "{2E129D7C-7AD2-4A33-8094-A6F8052B5A24}"
EndProject
Project("{FAE04EC0-301F-11D3-BF4B-00C04F79EFBC}") = "UnitTests", "UnitTests\UnitTests.csproj", "{E7657618-132B-4795-B0C6-22437430A462}"
EndProject
Global
	GlobalSection(SolutionConfigurationPlatforms) = preSolution
		Debug|Any CPU = Debug|Any CPU
		Release|Any CPU = Release|Any CPU
	EndGlobalSection
	GlobalSection(ProjectConfigurationPlatforms) = postSolution
		{2E129D7C-7AD2-4A33-8094-A6F8052B5A24}.Debug|Any CPU.ActiveCfg = Debug|Any CPU
		{2E129D7C-7AD2-4A33-8094-A6F8052B5A24}.Debug|Any CPU.Build.0 = Debug|Any CPU
		{2E129D7C-7AD2-4A33-8094-A6F8052B5A24}.Release|Any CPU.ActiveCfg = Release|Any CPU
		{2E129D7C-7AD2-4A33-8094-A6F8052B5A24}.Release|Any CPU.Build.0 = Release|Any CPU
		{E7657618-132B-4795-B0C6-22437430A462}.Debug|Any CPU.ActiveCfg = Debug|Any CPU
		{E7657618-132B-4795-B0C6-22437430A462}.Debug|Any CPU.Build.0 = Debug|Any CPU
		{E7657618-132B-4795-B0C6-22437430A462}.Release|Any CPU.ActiveCfg = Release|Any CPU
		{E7657618-132B-4795-B0C6-22437430A462}.Release|Any CPU.Build.0 = Release|Any CPU
	EndGlobalSection
	GlobalSection(SolutionProperties) = preSolution
		HideSolutionNode = FALSE
	EndGlobalSection
EndGlobal
